
Microsoft Visual Studio Solution File, Format Version 12.00
# Visual Studio Version 17
VisualStudioVersion = 17.14.36221.1 d17.14
MinimumVisualStudioVersion = 10.0.40219.1
Project("{FAE04EC0-301F-11D3-BF4B-00C04F79EFBC}") = "PenguinPartyPort", "PenguinPartyPort.csproj", "{CCB9A78C-A7DF-AEA2-341F-BC52062A83DF}"
EndProject
Global
	GlobalSection(SolutionConfigurationPlatforms) = preSolution
		Debug|Any CPU = Debug|Any CPU
		Release|Any CPU = Release|Any CPU
	EndGlobalSection
	GlobalSection(ProjectConfigurationPlatforms) = postSolution
		{CCB9A78C-A7DF-AEA2-341F-BC52062A83DF}.Debug|Any CPU.ActiveCfg = Debug|Any CPU
		{CCB9A78C-A7DF-AEA2-341F-BC52062A83DF}.Debug|Any CPU.Build.0 = Debug|Any CPU
		{CCB9A78C-A7DF-AEA2-341F-BC52062A83DF}.Release|Any CPU.ActiveCfg = Release|Any CPU
		{CCB9A78C-A7DF-AEA2-341F-BC52062A83DF}.Release|Any CPU.Build.0 = Release|Any CPU
	EndGlobalSection
	GlobalSection(SolutionProperties) = preSolution
		HideSolutionNode = FALSE
	EndGlobalSection
	GlobalSection(ExtensibilityGlobals) = postSolution
		SolutionGuid = {AA6C60C7-8E8A-429E-8B96-432631448F91}
	EndGlobalSection
EndGlobal
